<?xml version="1.0" encoding="utf-8"?>
<Project ToolsVersion="4.0" xmlns="http://schemas.microsoft.com/developer/msbuild/2003">
  <ItemGroup>
    <ClCompile Include="AssetLoader.cpp" />
    <ClCompile Include="Core\Game.cpp" />
    <ClCompile Include="Rendering\PlaneMesh.cpp" />
    <ClCompile Include="Rendering\CubeMesh.cpp" />
    <ClCompile Include="Rendering\RenderComponent.cpp" />
    <ClCompile Include="Rendering\Lighting\DirectionalLight.cpp" />
    <ClCompile Include="Rendering\Lighting\Light.cpp" />
    <ClCompile Include="Rendering\OpenGLProfiler.cpp" />
    <ClCompile Include="Rendering\Constants.cpp" />
    <ClCompile Include="Rendering\GeometryMaterial.cpp" />
    <ClCompile Include="includes\gl\glad.c" />
    <ClCompile Include="main.cpp" />
    <ClCompile Include="Camera.cpp" />
    <ClCompile Include="Rendering\Renderable.cpp" />
    <ClCompile Include="Rendering\Mesh.cpp" />
    <ClCompile Include="Rendering\Material.cpp" />
    <ClCompile Include="Rendering\RenderingSystem.cpp" />
    <ClCompile Include="Rendering\Shader.cpp" />
    <ClCompile Include="Core\Scene.cpp" />
    <ClCompile Include="stb_image_config.cpp" />
    <ClCompile Include="EntitySystems\System.cpp" />
    <ClCompile Include="EntitySystems\Component.cpp" />
    <ClCompile Include="EntitySystems\Entity.cpp" />
  </ItemGroup>
  <ItemGroup>
    <ClInclude Include="AssetLoader.h" />
    <ClInclude Include="Camera.h" />
    <ClInclude Include="Core\Game.h" />
    <ClInclude Include="Rendering\PlaneMesh.h" />
    <ClInclude Include="Rendering\CubeMesh.h" />
    <ClInclude Include="Rendering\RenderComponent.h" />
    <ClInclude Include="Rendering\Lighting\DirectionalLight.h" />
    <ClInclude Include="Rendering\Lighting\Light.h" />
    <ClInclude Include="Rendering\OpenGLProfiler.h" />
    <ClInclude Include="Rendering\Constants.h" />
    <ClInclude Include="Rendering\GeometryMaterial.h" />
    <ClInclude Include="includes\gl\glad.h" />
    <ClInclude Include="includes\gl\khrplatform.h" />
    <ClInclude Include="Rendering\RenderingSystem.h" />
    <ClInclude Include="Rendering\Renderable.h" />
    <ClInclude Include="Rendering\Mesh.h" />
    <ClInclude Include="Rendering\Material.h" />
    <ClInclude Include="Rendering\Shader.h" />
    <ClInclude Include="EntitySystems\Component.h" />
    <ClInclude Include="EntitySystems\Entity.h" />
    <ClInclude Include="EntitySystems\System.h" />
    <ClInclude Include="EntitySystems\Transform.h" />
    <ClInclude Include="Core\Scene.h" />
    <ClInclude Include="TestableClass.h" />
    <ClInclude Include="EntitySystems\RootEntity.h" />
    <ClInclude Include="EntitySystems\InputComponent.h" />
  </ItemGroup>
  <ItemGroup>
    <None Include="packages.config" />
  </ItemGroup>
  <ItemGroup>
    <Text Include="Rendering\DOCUMENTATION.txt" />
  </ItemGroup>
</Project>